
Microsoft Visual Studio Solution File, Format Version 12.00
# Visual Studio 15
VisualStudioVersion = 15.0.26730.16
MinimumVisualStudioVersion = 10.0.40219.1
Project("{FAE04EC0-301F-11D3-BF4B-00C04F79EFBC}") = "lab11miya", "lab11miya\lab11miya.csproj", "{3A46D0D9-5D8B-4436-ADDD-0F15121A04B4}"
EndProject
Global
	GlobalSection(SolutionConfigurationPlatforms) = preSolution
		Debug|Any CPU = Debug|Any CPU
		Release|Any CPU = Release|Any CPU
	EndGlobalSection
	GlobalSection(ProjectConfigurationPlatforms) = postSolution
		{3A46D0D9-5D8B-4436-ADDD-0F15121A04B4}.Debug|Any CPU.ActiveCfg = Debug|Any CPU
		{3A46D0D9-5D8B-4436-ADDD-0F15121A04B4}.Debug|Any CPU.Build.0 = Debug|Any CPU
		{3A46D0D9-5D8B-4436-ADDD-0F15121A04B4}.Release|Any CPU.ActiveCfg = Release|Any CPU
		{3A46D0D9-5D8B-4436-ADDD-0F15121A04B4}.Release|Any CPU.Build.0 = Release|Any CPU
	EndGlobalSection
	GlobalSection(SolutionProperties) = preSolution
		HideSolutionNode = FALSE
	EndGlobalSection
	GlobalSection(ExtensibilityGlobals) = postSolution
		SolutionGuid = {415503B1-E379-473C-9206-DC945864F09C}
	EndGlobalSection
EndGlobal
